
Microsoft Visual Studio Solution File, Format Version 12.00
# Visual Studio Version 17
VisualStudioVersion = 17.2.32616.157
MinimumVisualStudioVersion = 10.0.40219.1
Project("{FAE04EC0-301F-11D3-BF4B-00C04F79EFBC}") = "Assignment 1", "Assignment 1\Assignment 1.csproj", "{8B2B3880-6172-4FB8-85FC-AC7F4D0B5507}"
EndProject
Global
	GlobalSection(SolutionConfigurationPlatforms) = preSolution
		Debug|Any CPU = Debug|Any CPU
		Release|Any CPU = Release|Any CPU
	EndGlobalSection
	GlobalSection(ProjectConfigurationPlatforms) = postSolution
		{8B2B3880-6172-4FB8-85FC-AC7F4D0B5507}.Debug|Any CPU.ActiveCfg = Debug|Any CPU
		{8B2B3880-6172-4FB8-85FC-AC7F4D0B5507}.Debug|Any CPU.Build.0 = Debug|Any CPU
		{8B2B3880-6172-4FB8-85FC-AC7F4D0B5507}.Release|Any CPU.ActiveCfg = Release|Any CPU
		{8B2B3880-6172-4FB8-85FC-AC7F4D0B5507}.Release|Any CPU.Build.0 = Release|Any CPU
	EndGlobalSection
	GlobalSection(SolutionProperties) = preSolution
		HideSolutionNode = FALSE
	EndGlobalSection
	GlobalSection(ExtensibilityGlobals) = postSolution
		SolutionGuid = {4BE8CAC9-051A-4E23-902A-5C270BF56DFB}
	EndGlobalSection
EndGlobal
